// !$*UTF8*$!
{
	archiveVersion = 1;
	classes = {
	};
	objectVersion = 50;
	objects = {

/* Begin PBXBuildFile section */
		7AFD56842597136900871E71 /* AppDelegate.swift in Sources */ = {isa = PBXBuildFile; fileRef = 7AFD56832597136900871E71 /* AppDelegate.swift */; };
		7AFD56862597136900871E71 /* SceneDelegate.swift in Sources */ = {isa = PBXBuildFile; fileRef = 7AFD56852597136900871E71 /* SceneDelegate.swift */; };
		7AFD56882597136900871E71 /* ViewController.swift in Sources */ = {isa = PBXBuildFile; fileRef = 7AFD56872597136900871E71 /* ViewController.swift */; };
		7AFD568B2597136900871E71 /* Main.storyboard in Resources */ = {isa = PBXBuildFile; fileRef = 7AFD56892597136900871E71 /* Main.storyboard */; };
		7AFD568E2597136900871E71 /* GmapsPractice.xcdatamodeld in Sources */ = {isa = PBXBuildFile; fileRef = 7AFD568C2597136900871E71 /* GmapsPractice.xcdatamodeld */; };
		7AFD56902597137600871E71 /* Assets.xcassets in Resources */ = {isa = PBXBuildFile; fileRef = 7AFD568F2597137600871E71 /* Assets.xcassets */; };
		7AFD56932597137600871E71 /* LaunchScreen.storyboard in Resources */ = {isa = PBXBuildFile; fileRef = 7AFD56912597137600871E71 /* LaunchScreen.storyboard */; };
		7AFD569E2597137600871E71 /* GmapsPracticeTests.swift in Sources */ = {isa = PBXBuildFile; fileRef = 7AFD569D2597137600871E71 /* GmapsPracticeTests.swift */; };
		7AFD56A92597137600871E71 /* GmapsPracticeUITests.swift in Sources */ = {isa = PBXBuildFile; fileRef = 7AFD56A82597137600871E71 /* GmapsPracticeUITests.swift */; };
/* End PBXBuildFile section */

/* Begin PBXContainerItemProxy section */
		7AFD569A2597137600871E71 /* PBXContainerItemProxy */ = {
			isa = PBXContainerItemProxy;
			containerPortal = 7AFD56782597136900871E71 /* Project object */;
			proxyType = 1;
			remoteGlobalIDString = 7AFD567F2597136900871E71;
			remoteInfo = GmapsPractice;
		};
		7AFD56A52597137600871E71 /* PBXContainerItemProxy */ = {
			isa = PBXContainerItemProxy;
			containerPortal = 7AFD56782597136900871E71 /* Project object */;
			proxyType = 1;
			remoteGlobalIDString = 7AFD567F2597136900871E71;
			remoteInfo = GmapsPractice;
		};
/* End PBXContainerItemProxy section */

/* Begin PBXFileReference section */
		7AFD56802597136900871E71 /* GmapsPractice.app */ = {isa = PBXFileReference; explicitFileType = wrapper.application; includeInIndex = 0; path = GmapsPractice.app; sourceTree = BUILT_PRODUCTS_DIR; };
		7AFD56832597136900871E71 /* AppDelegate.swift */ = {isa = PBXFileReference; lastKnownFileType = sourcecode.swift; path = AppDelegate.swift; sourceTree = "<group>"; };
		7AFD56852597136900871E71 /* SceneDelegate.swift */ = {isa = PBXFileReference; lastKnownFileType = sourcecode.swift; path = SceneDelegate.swift; sourceTree = "<group>"; };
		7AFD56872597136900871E71 /* ViewController.swift */ = {isa = PBXFileReference; lastKnownFileType = sourcecode.swift; path = ViewController.swift; sourceTree = "<group>"; };
		7AFD568A2597136900871E71 /* Base */ = {isa = PBXFileReference; lastKnownFileType = file.storyboard; name = Base; path = Base.lproj/Main.storyboard; sourceTree = "<group>"; };
		7AFD568D2597136900871E71 /* GmapsPractice.xcdatamodel */ = {isa = PBXFileReference; lastKnownFileType = wrapper.xcdatamodel; path = GmapsPractice.xcdatamodel; sourceTree = "<group>"; };
		7AFD568F2597137600871E71 /* Assets.xcassets */ = {isa = PBXFileReference; lastKnownFileType = folder.assetcatalog; path = Assets.xcassets; sourceTree = "<group>"; };
		7AFD56922597137600871E71 /* Base */ = {isa = PBXFileReference; lastKnownFileType = file.storyboard; name = Base; path = Base.lproj/LaunchScreen.storyboard; sourceTree = "<group>"; };
		7AFD56942597137600871E71 /* Info.plist */ = {isa = PBXFileReference; lastKnownFileType = text.plist.xml; path = Info.plist; sourceTree = "<group>"; };
		7AFD56992597137600871E71 /* GmapsPracticeTests.xctest */ = {isa = PBXFileReference; explicitFileType = wrapper.cfbundle; includeInIndex = 0; path = GmapsPracticeTests.xctest; sourceTree = BUILT_PRODUCTS_DIR; };
		7AFD569D2597137600871E71 /* GmapsPracticeTests.swift */ = {isa = PBXFileReference; lastKnownFileType = sourcecode.swift; path = GmapsPracticeTests.swift; sourceTree = "<group>"; };
		7AFD569F2597137600871E71 /* Info.plist */ = {isa = PBXFileReference; lastKnownFileType = text.plist.xml; path = Info.plist; sourceTree = "<group>"; };
		7AFD56A42597137600871E71 /* GmapsPracticeUITests.xctest */ = {isa = PBXFileReference; explicitFileType = wrapper.cfbundle; includeInIndex = 0; path = GmapsPracticeUITests.xctest; sourceTree = BUILT_PRODUCTS_DIR; };
		7AFD56A82597137600871E71 /* GmapsPracticeUITests.swift */ = {isa = PBXFileReference; lastKnownFileType = sourcecode.swift; path = GmapsPracticeUITests.swift; sourceTree = "<group>"; };
		7AFD56AA2597137600871E71 /* Info.plist */ = {isa = PBXFileReference; lastKnownFileType = text.plist.xml; path = Info.plist; sourceTree = "<group>"; };
/* End PBXFileReference section */

/* Begin PBXFrameworksBuildPhase section */
		7AFD567D2597136900871E71 /* Frameworks */ = {
			isa = PBXFrameworksBuildPhase;
			buildActionMask = 2147483647;
			files = (
			);
			runOnlyForDeploymentPostprocessing = 0;
		};
		7AFD56962597137600871E71 /* Frameworks */ = {
			isa = PBXFrameworksBuildPhase;
			buildActionMask = 2147483647;
			files = (
			);
			runOnlyForDeploymentPostprocessing = 0;
		};
		7AFD56A12597137600871E71 /* Frameworks */ = {
			isa = PBXFrameworksBuildPhase;
			buildActionMask = 2147483647;
			files = (
			);
			runOnlyForDeploymentPostprocessing = 0;
		};
/* End PBXFrameworksBuildPhase section */

/* Begin PBXGroup section */
		7AFD56772597136900871E71 = {
			isa = PBXGroup;
			children = (
				7AFD56822597136900871E71 /* GmapsPractice */,
				7AFD569C2597137600871E71 /* GmapsPracticeTests */,
				7AFD56A72597137600871E71 /* GmapsPracticeUITests */,
				7AFD56812597136900871E71 /* Products */,
			);
			sourceTree = "<group>";
		};
		7AFD56812597136900871E71 /* Products */ = {
			isa = PBXGroup;
			children = (
				7AFD56802597136900871E71 /* GmapsPractice.app */,
				7AFD56992597137600871E71 /* GmapsPracticeTests.xctest */,
				7AFD56A42597137600871E71 /* GmapsPracticeUITests.xctest */,
			);
			name = Products;
			sourceTree = "<group>";
		};
		7AFD56822597136900871E71 /* GmapsPractice */ = {
			isa = PBXGroup;
			children = (
				7AFD56832597136900871E71 /* AppDelegate.swift */,
				7AFD56852597136900871E71 /* SceneDelegate.swift */,
				7AFD56872597136900871E71 /* ViewController.swift */,
				7AFD56892597136900871E71 /* Main.storyboard */,
				7AFD568F2597137600871E71 /* Assets.xcassets */,
				7AFD56912597137600871E71 /* LaunchScreen.storyboard */,
				7AFD56942597137600871E71 /* Info.plist */,
				7AFD568C2597136900871E71 /* GmapsPractice.xcdatamodeld */,
			);
			path = GmapsPractice;
			sourceTree = "<group>";
		};
		7AFD569C2597137600871E71 /* GmapsPracticeTests */ = {
			isa = PBXGroup;
			children = (
				7AFD569D2597137600871E71 /* GmapsPracticeTests.swift */,
				7AFD569F2597137600871E71 /* Info.plist */,
			);
			path = GmapsPracticeTests;
			sourceTree = "<group>";
		};
		7AFD56A72597137600871E71 /* GmapsPracticeUITests */ = {
			isa = PBXGroup;
			children = (
				7AFD56A82597137600871E71 /* GmapsPracticeUITests.swift */,
				7AFD56AA2597137600871E71 /* Info.plist */,
			);
			path = GmapsPracticeUITests;
			sourceTree = "<group>";
		};
/* End PBXGroup section */

/* Begin PBXNativeTarget section */
		7AFD567F2597136900871E71 /* GmapsPractice */ = {
			isa = PBXNativeTarget;
			buildConfigurationList = 7AFD56AD2597137600871E71 /* Build configuration list for PBXNativeTarget "GmapsPractice" */;
			buildPhases = (
				7AFD567C2597136900871E71 /* Sources */,
				7AFD567D2597136900871E71 /* Frameworks */,
				7AFD567E2597136900871E71 /* Resources */,
			);
			buildRules = (
			);
			dependencies = (
			);
			name = GmapsPractice;
			productName = GmapsPractice;
			productReference = 7AFD56802597136900871E71 /* GmapsPractice.app */;
			productType = "com.apple.product-type.application";
		};
		7AFD56982597137600871E71 /* GmapsPracticeTests */ = {
			isa = PBXNativeTarget;
			buildConfigurationList = 7AFD56B02597137600871E71 /* Build configuration list for PBXNativeTarget "GmapsPracticeTests" */;
			buildPhases = (
				7AFD56952597137600871E71 /* Sources */,
				7AFD56962597137600871E71 /* Frameworks */,
				7AFD56972597137600871E71 /* Resources */,
			);
			buildRules = (
			);
			dependencies = (
				7AFD569B2597137600871E71 /* PBXTargetDependency */,
			);
			name = GmapsPracticeTests;
			productName = GmapsPracticeTests;
			productReference = 7AFD56992597137600871E71 /* GmapsPracticeTests.xctest */;
			productType = "com.apple.product-type.bundle.unit-test";
		};
		7AFD56A32597137600871E71 /* GmapsPracticeUITests */ = {
			isa = PBXNativeTarget;
			buildConfigurationList = 7AFD56B32597137600871E71 /* Build configuration list for PBXNativeTarget "GmapsPracticeUITests" */;
			buildPhases = (
				7AFD56A02597137600871E71 /* Sources */,
				7AFD56A12597137600871E71 /* Frameworks */,
				7AFD56A22597137600871E71 /* Resources */,
			);
			buildRules = (
			);
			dependencies = (
				7AFD56A62597137600871E71 /* PBXTargetDependency */,
			);
			name = GmapsPracticeUITests;
			productName = GmapsPracticeUITests;
			productReference = 7AFD56A42597137600871E71 /* GmapsPracticeUITests.xctest */;
			productType = "com.apple.product-type.bundle.ui-testing";
		};
/* End PBXNativeTarget section */

/* Begin PBXProject section */
		7AFD56782597136900871E71 /* Project object */ = {
			isa = PBXProject;
			attributes = {
				LastSwiftUpdateCheck = 1200;
				LastUpgradeCheck = 1200;
				TargetAttributes = {
					7AFD567F2597136900871E71 = {
						CreatedOnToolsVersion = 12.0;
					};
					7AFD56982597137600871E71 = {
						CreatedOnToolsVersion = 12.0;
						TestTargetID = 7AFD567F2597136900871E71;
					};
					7AFD56A32597137600871E71 = {
						CreatedOnToolsVersion = 12.0;
						TestTargetID = 7AFD567F2597136900871E71;
					};
				};
			};
			buildConfigurationList = 7AFD567B2597136900871E71 /* Build configuration list for PBXProject "GmapsPractice" */;
			compatibilityVersion = "Xcode 9.3";
			developmentRegion = en;
			hasScannedForEncodings = 0;
			knownRegions = (
				en,
				Base,
			);
			mainGroup = 7AFD56772597136900871E71;
			productRefGroup = 7AFD56812597136900871E71 /* Products */;
			projectDirPath = "";
			projectRoot = "";
			targets = (
				7AFD567F2597136900871E71 /* GmapsPractice */,
				7AFD56982597137600871E71 /* GmapsPracticeTests */,
				7AFD56A32597137600871E71 /* GmapsPracticeUITests */,
			);
		};
/* End PBXProject section */

/* Begin PBXResourcesBuildPhase section */
		7AFD567E2597136900871E71 /* Resources */ = {
			isa = PBXResourcesBuildPhase;
			buildActionMask = 2147483647;
			files = (
				7AFD56932597137600871E71 /* LaunchScreen.storyboard in Resources */,
				7AFD56902597137600871E71 /* Assets.xcassets in Resources */,
				7AFD568B2597136900871E71 /* Main.storyboard in Resources */,
			);
			runOnlyForDeploymentPostprocessing = 0;
		};
		7AFD56972597137600871E71 /* Resources */ = {
			isa = PBXResourcesBuildPhase;
			buildActionMask = 2147483647;
			files = (
			);
			runOnlyForDeploymentPostprocessing = 0;
		};
		7AFD56A22597137600871E71 /* Resources */ = {
			isa = PBXResourcesBuildPhase;
			buildActionMask = 2147483647;
			files = (
			);
			runOnlyForDeploymentPostprocessing = 0;
		};
/* End PBXResourcesBuildPhase section */

/* Begin PBXSourcesBuildPhase section */
		7AFD567C2597136900871E71 /* Sources */ = {
			isa = PBXSourcesBuildPhase;
			buildActionMask = 2147483647;
			files = (
				7AFD56882597136900871E71 /* ViewController.swift in Sources */,
				7AFD568E2597136900871E71 /* GmapsPractice.xcdatamodeld in Sources */,
				7AFD56842597136900871E71 /* AppDelegate.swift in Sources */,
				7AFD56862597136900871E71 /* SceneDelegate.swift in Sources */,
			);
			runOnlyForDeploymentPostprocessing = 0;
		};
		7AFD56952597137600871E71 /* Sources */ = {
			isa = PBXSourcesBuildPhase;
			buildActionMask = 2147483647;
			files = (
				7AFD569E2597137600871E71 /* GmapsPracticeTests.swift in Sources */,
			);
			runOnlyForDeploymentPostprocessing = 0;
		};
		7AFD56A02597137600871E71 /* Sources */ = {
			isa = PBXSourcesBuildPhase;
			buildActionMask = 2147483647;
			files = (
				7AFD56A92597137600871E71 /* GmapsPracticeUITests.swift in Sources */,
			);
			runOnlyForDeploymentPostprocessing = 0;
		};
/* End PBXSourcesBuildPhase section */

/* Begin PBXTargetDependency section */
		7AFD569B2597137600871E71 /* PBXTargetDependency */ = {
			isa = PBXTargetDependency;
			target = 7AFD567F2597136900871E71 /* GmapsPractice */;
			targetProxy = 7AFD569A2597137600871E71 /* PBXContainerItemProxy */;
		};
		7AFD56A62597137600871E71 /* PBXTargetDependency */ = {
			isa = PBXTargetDependency;
			target = 7AFD567F2597136900871E71 /* GmapsPractice */;
			targetProxy = 7AFD56A52597137600871E71 /* PBXContainerItemProxy */;
		};
/* End PBXTargetDependency section */

/* Begin PBXVariantGroup section */
		7AFD56892597136900871E71 /* Main.storyboard */ = {
			isa = PBXVariantGroup;
			children = (
				7AFD568A2597136900871E71 /* Base */,
			);
			name = Main.storyboard;
			sourceTree = "<group>";
		};
		7AFD56912597137600871E71 /* LaunchScreen.storyboard */ = {
			isa = PBXVariantGroup;
			children = (
				7AFD56922597137600871E71 /* Base */,
			);
			name = LaunchScreen.storyboard;
			sourceTree = "<group>";
		};
/* End PBXVariantGroup section */

/* Begin XCBuildConfiguration section */
		7AFD56AB2597137600871E71 /* Debug */ = {
			isa = XCBuildConfiguration;
			buildSettings = {
				ALWAYS_SEARCH_USER_PATHS = NO;
				CLANG_ANALYZER_NONNULL = YES;
				CLANG_ANALYZER_NUMBER_OBJECT_CONVERSION = YES_AGGRESSIVE;
				CLANG_CXX_LANGUAGE_STANDARD = "gnu++14";
				CLANG_CXX_LIBRARY = "libc++";
				CLANG_ENABLE_MODULES = YES;
				CLANG_ENABLE_OBJC_ARC = YES;
				CLANG_ENABLE_OBJC_WEAK = YES;
				CLANG_WARN_BLOCK_CAPTURE_AUTORELEASING = YES;
				CLANG_WARN_BOOL_CONVERSION = YES;
				CLANG_WARN_COMMA = YES;
				CLANG_WARN_CONSTANT_CONVERSION = YES;
				CLANG_WARN_DEPRECATED_OBJC_IMPLEMENTATIONS = YES;
				CLANG_WARN_DIRECT_OBJC_ISA_USAGE = YES_ERROR;
				CLANG_WARN_DOCUMENTATION_COMMENTS = YES;
				CLANG_WARN_EMPTY_BODY = YES;
				CLANG_WARN_ENUM_CONVERSION = YES;
				CLANG_WARN_INFINITE_RECURSION = YES;
				CLANG_WARN_INT_CONVERSION = YES;
				CLANG_WARN_NON_LITERAL_NULL_CONVERSION = YES;
				CLANG_WARN_OBJC_IMPLICIT_RETAIN_SELF = YES;
				CLANG_WARN_OBJC_LITERAL_CONVERSION = YES;
				CLANG_WARN_OBJC_ROOT_CLASS = YES_ERROR;
				CLANG_WARN_QUOTED_INCLUDE_IN_FRAMEWORK_HEADER = YES;
				CLANG_WARN_RANGE_LOOP_ANALYSIS = YES;
				CLANG_WARN_STRICT_PROTOTYPES = YES;
				CLANG_WARN_SUSPICIOUS_MOVE = YES;
				CLANG_WARN_UNGUARDED_AVAILABILITY = YES_AGGRESSIVE;
				CLANG_WARN_UNREACHABLE_CODE = YES;
				CLANG_WARN__DUPLICATE_METHOD_MATCH = YES;
				COPY_PHASE_STRIP = NO;
				DEBUG_INFORMATION_FORMAT = dwarf;
				ENABLE_STRICT_OBJC_MSGSEND = YES;
				ENABLE_TESTABILITY = YES;
				GCC_C_LANGUAGE_STANDARD = gnu11;
				GCC_DYNAMIC_NO_PIC = NO;
				GCC_NO_COMMON_BLOCKS = YES;
				GCC_OPTIMIZATION_LEVEL = 0;
				GCC_PREPROCESSOR_DEFINITIONS = (
					"DEBUG=1",
					"$(inherited)",
				);
				GCC_WARN_64_TO_32_BIT_CONVERSION = YES;
				GCC_WARN_ABOUT_RETURN_TYPE = YES_ERROR;
				GCC_WARN_UNDECLARED_SELECTOR = YES;
				GCC_WARN_UNINITIALIZED_AUTOS = YES_AGGRESSIVE;
				GCC_WARN_UNUSED_FUNCTION = YES;
				GCC_WARN_UNUSED_VARIABLE = YES;
				IPHONEOS_DEPLOYMENT_TARGET = 14.0;
				MTL_ENABLE_DEBUG_INFO = INCLUDE_SOURCE;
				MTL_FAST_MATH = YES;
				ONLY_ACTIVE_ARCH = YES;
				SDKROOT = iphoneos;
				SWIFT_ACTIVE_COMPILATION_CONDITIONS = DEBUG;
				SWIFT_OPTIMIZATION_LEVEL = "-Onone";
			};
			name = Debug;
		};
		7AFD56AC2597137600871E71 /* Release */ = {
			isa = XCBuildConfiguration;
			buildSettings = {
				ALWAYS_SEARCH_USER_PATHS = NO;
				CLANG_ANALYZER_NONNULL = YES;
				CLANG_ANALYZER_NUMBER_OBJECT_CONVERSION = YES_AGGRESSIVE;
				CLANG_CXX_LANGUAGE_STANDARD = "gnu++14";
				CLANG_CXX_LIBRARY = "libc++";
				CLANG_ENABLE_MODULES = YES;
				CLANG_ENABLE_OBJC_ARC = YES;
				CLANG_ENABLE_OBJC_WEAK = YES;
				CLANG_WARN_BLOCK_CAPTURE_AUTORELEASING = YES;
				CLANG_WARN_BOOL_CONVERSION = YES;
				CLANG_WARN_COMMA = YES;
				CLANG_WARN_CONSTANT_CONVERSION = YES;
				CLANG_WARN_DEPRECATED_OBJC_IMPLEMENTATIONS = YES;
				CLANG_WARN_DIRECT_OBJC_ISA_USAGE = YES_ERROR;
				CLANG_WARN_DOCUMENTATION_COMMENTS = YES;
				CLANG_WARN_EMPTY_BODY = YES;
				CLANG_WARN_ENUM_CONVERSION = YES;
				CLANG_WARN_INFINITE_RECURSION = YES;
				CLANG_WARN_INT_CONVERSION = YES;
				CLANG_WARN_NON_LITERAL_NULL_CONVERSION = YES;
				CLANG_WARN_OBJC_IMPLICIT_RETAIN_SELF = YES;
				CLANG_WARN_OBJC_LITERAL_CONVERSION = YES;
				CLANG_WARN_OBJC_ROOT_CLASS = YES_ERROR;
				CLANG_WARN_QUOTED_INCLUDE_IN_FRAMEWORK_HEADER = YES;
				CLANG_WARN_RANGE_LOOP_ANALYSIS = YES;
				CLANG_WARN_STRICT_PROTOTYPES = YES;
				CLANG_WARN_SUSPICIOUS_MOVE = YES;
				CLANG_WARN_UNGUARDED_AVAILABILITY = YES_AGGRESSIVE;
				CLANG_WARN_UNREACHABLE_CODE = YES;
				CLANG_WARN__DUPLICATE_METHOD_MATCH = YES;
				COPY_PHASE_STRIP = NO;
				DEBUG_INFORMATION_FORMAT = "dwarf-with-dsym";
				ENABLE_NS_ASSERTIONS = NO;
				ENABLE_STRICT_OBJC_MSGSEND = YES;
				GCC_C_LANGUAGE_STANDARD = gnu11;
				GCC_NO_COMMON_BLOCKS = YES;
				GCC_WARN_64_TO_32_BIT_CONVERSION = YES;
				GCC_WARN_ABOUT_RETURN_TYPE = YES_ERROR;
				GCC_WARN_UNDECLARED_SELECTOR = YES;
				GCC_WARN_UNINITIALIZED_AUTOS = YES_AGGRESSIVE;
				GCC_WARN_UNUSED_FUNCTION = YES;
				GCC_WARN_UNUSED_VARIABLE = YES;
				IPHONEOS_DEPLOYMENT_TARGET = 14.0;
				MTL_ENABLE_DEBUG_INFO = NO;
				MTL_FAST_MATH = YES;
				SDKROOT = iphoneos;
				SWIFT_COMPILATION_MODE = wholemodule;
				SWIFT_OPTIMIZATION_LEVEL = "-O";
				VALIDATE_PRODUCT = YES;
			};
			name = Release;
		};
		7AFD56AE2597137600871E71 /* Debug */ = {
			isa = XCBuildConfiguration;
			buildSettings = {
				ASSETCATALOG_COMPILER_APPICON_NAME = AppIcon;
				ASSETCATALOG_COMPILER_GLOBAL_ACCENT_COLOR_NAME = AccentColor;
				CODE_SIGN_STYLE = Automatic;
				INFOPLIST_FILE = GmapsPractice/Info.plist;
				LD_RUNPATH_SEARCH_PATHS = (
					"$(inherited)",
					"@executable_path/Frameworks",
				);
				PRODUCT_BUNDLE_IDENTIFIER = Vishnu.GmapsPractice;
				PRODUCT_NAME = "$(TARGET_NAME)";
				SWIFT_VERSION = 5.0;
				TARGETED_DEVICE_FAMILY = "1,2";
			};
			name = Debug;
		};
		7AFD56AF2597137600871E71 /* Release */ = {
			isa = XCBuildConfiguration;
			buildSettings = {
				ASSETCATALOG_COMPILER_APPICON_NAME = AppIcon;
				ASSETCATALOG_COMPILER_GLOBAL_ACCENT_COLOR_NAME = AccentColor;
				CODE_SIGN_STYLE = Automatic;
				INFOPLIST_FILE = GmapsPractice/Info.plist;
				LD_RUNPATH_SEARCH_PATHS = (
					"$(inherited)",
					"@executable_path/Frameworks",
				);
				PRODUCT_BUNDLE_IDENTIFIER = Vishnu.GmapsPractice;
				PRODUCT_NAME = "$(TARGET_NAME)";
				SWIFT_VERSION = 5.0;
				TARGETED_DEVICE_FAMILY = "1,2";
			};
			name = Release;
		};
		7AFD56B12597137600871E71 /* Debug */ = {
			isa = XCBuildConfiguration;
			buildSettings = {
				ALWAYS_EMBED_SWIFT_STANDARD_LIBRARIES = YES;
				BUNDLE_LOADER = "$(TEST_HOST)";
				CODE_SIGN_STYLE = Automatic;
				INFOPLIST_FILE = GmapsPracticeTests/Info.plist;
				IPHONEOS_DEPLOYMENT_TARGET = 14.0;
				LD_RUNPATH_SEARCH_PATHS = (
					"$(inherited)",
					"@executable_path/Frameworks",
					"@loader_path/Frameworks",
				);
				PRODUCT_BUNDLE_IDENTIFIER = Vishnu.GmapsPracticeTests;
				PRODUCT_NAME = "$(TARGET_NAME)";
				SWIFT_VERSION = 5.0;
				TARGETED_DEVICE_FAMILY = "1,2";
				TEST_HOST = "$(BUILT_PRODUCTS_DIR)/GmapsPractice.app/GmapsPractice";
			};
			name = Debug;
		};
		7AFD56B22597137600871E71 /* Release */ = {
			isa = XCBuildConfiguration;
			buildSettings = {
				ALWAYS_EMBED_SWIFT_STANDARD_LIBRARIES = YES;
				BUNDLE_LOADER = "$(TEST_HOST)";
				CODE_SIGN_STYLE = Automatic;
				INFOPLIST_FILE = GmapsPracticeTests/Info.plist;
				IPHONEOS_DEPLOYMENT_TARGET = 14.0;
				LD_RUNPATH_SEARCH_PATHS = (
					"$(inherited)",
					"@executable_path/Frameworks",
					"@loader_path/Frameworks",
				);
				PRODUCT_BUNDLE_IDENTIFIER = Vishnu.GmapsPracticeTests;
				PRODUCT_NAME = "$(TARGET_NAME)";
				SWIFT_VERSION = 5.0;
				TARGETED_DEVICE_FAMILY = "1,2";
				TEST_HOST = "$(BUILT_PRODUCTS_DIR)/GmapsPractice.app/GmapsPractice";
			};
			name = Release;
		};
		7AFD56B42597137600871E71 /* Debug */ = {
			isa = XCBuildConfiguration;
			buildSettings = {
				ALWAYS_EMBED_SWIFT_STANDARD_LIBRARIES = YES;
				CODE_SIGN_STYLE = Automatic;
				INFOPLIST_FILE = GmapsPracticeUITests/Info.plist;
				LD_RUNPATH_SEARCH_PATHS = (
					"$(inherited)",
					"@executable_path/Frameworks",
					"@loader_path/Frameworks",
				);
				PRODUCT_BUNDLE_IDENTIFIER = Vishnu.GmapsPracticeUITests;
				PRODUCT_NAME = "$(TARGET_NAME)";
				SWIFT_VERSION = 5.0;
				TARGETED_DEVICE_FAMILY = "1,2";
				TEST_TARGET_NAME = GmapsPractice;
			};
			name = Debug;
		};
		7AFD56B52597137600871E71 /* Release */ = {
			isa = XCBuildConfiguration;
			buildSettings = {
				ALWAYS_EMBED_SWIFT_STANDARD_LIBRARIES = YES;
				CODE_SIGN_STYLE = Automatic;
				INFOPLIST_FILE = GmapsPracticeUITests/Info.plist;
				LD_RUNPATH_SEARCH_PATHS = (
					"$(inherited)",
					"@executable_path/Frameworks",
					"@loader_path/Frameworks",
				);
				PRODUCT_BUNDLE_IDENTIFIER = Vishnu.GmapsPracticeUITests;
				PRODUCT_NAME = "$(TARGET_NAME)";
				SWIFT_VERSION = 5.0;
				TARGETED_DEVICE_FAMILY = "1,2";
				TEST_TARGET_NAME = GmapsPractice;
			};
			name = Release;
		};
/* End XCBuildConfiguration section */

/* Begin XCConfigurationList section */
		7AFD567B2597136900871E71 /* Build configuration list for PBXProject "GmapsPractice" */ = {
			isa = XCConfigurationList;
			buildConfigurations = (
				7AFD56AB2597137600871E71 /* Debug */,
				7AFD56AC2597137600871E71 /* Release */,
			);
			defaultConfigurationIsVisible = 0;
			defaultConfigurationName = Release;
		};
		7AFD56AD2597137600871E71 /* Build configuration list for PBXNativeTarget "GmapsPractice" */ = {
			isa = XCConfigurationList;
			buildConfigurations = (
				7AFD56AE2597137600871E71 /* Debug */,
				7AFD56AF2597137600871E71 /* Release */,
			);
			defaultConfigurationIsVisible = 0;
			defaultConfigurationName = Release;
		};
		7AFD56B02597137600871E71 /* Build configuration list for PBXNativeTarget "GmapsPracticeTests" */ = {
			isa = XCConfigurationList;
			buildConfigurations = (
				7AFD56B12597137600871E71 /* Debug */,
				7AFD56B22597137600871E71 /* Release */,
			);
			defaultConfigurationIsVisible = 0;
			defaultConfigurationName = Release;
		};
		7AFD56B32597137600871E71 /* Build configuration list for PBXNativeTarget "GmapsPracticeUITests" */ = {
			isa = XCConfigurationList;
			buildConfigurations = (
				7AFD56B42597137600871E71 /* Debug */,
				7AFD56B52597137600871E71 /* Release */,
			);
			defaultConfigurationIsVisible = 0;
			defaultConfigurationName = Release;
		};
/* End XCConfigurationList section */

/* Begin XCVersionGroup section */
		7AFD568C2597136900871E71 /* GmapsPractice.xcdatamodeld */ = {
			isa = XCVersionGroup;
			children = (
				7AFD568D2597136900871E71 /* GmapsPractice.xcdatamodel */,
			);
			currentVersion = 7AFD568D2597136900871E71 /* GmapsPractice.xcdatamodel */;
			path = GmapsPractice.xcdatamodeld;
			sourceTree = "<group>";
			versionGroupType = wrapper.xcdatamodel;
		};
/* End XCVersionGroup section */
	};
	rootObject = 7AFD56782597136900871E71 /* Project object */;
}
